// !$*UTF8*$!
{
	archiveVersion = 1;
	classes = {
	};
	objectVersion = 46;
	objects = {

/* Begin PBXBuildFile section */
		02A3B7811C7D610700DB54DD /* main.m in Sources */ = {isa = PBXBuildFile; fileRef = 02A3B7801C7D610700DB54DD /* main.m */; };
		02A3B7841C7D610800DB54DD /* AppDelegate.m in Sources */ = {isa = PBXBuildFile; fileRef = 02A3B7831C7D610800DB54DD /* AppDelegate.m */; };
		02A3B7871C7D610800DB54DD /* ViewController.m in Sources */ = {isa = PBXBuildFile; fileRef = 02A3B7861C7D610800DB54DD /* ViewController.m */; };
		02A3B78A1C7D610800DB54DD /* Main.storyboard in Resources */ = {isa = PBXBuildFile; fileRef = 02A3B7881C7D610800DB54DD /* Main.storyboard */; };
		02A3B78C1C7D610800DB54DD /* Assets.xcassets in Resources */ = {isa = PBXBuildFile; fileRef = 02A3B78B1C7D610800DB54DD /* Assets.xcassets */; };
		02A3B78F1C7D610800DB54DD /* LaunchScreen.storyboard in Resources */ = {isa = PBXBuildFile; fileRef = 02A3B78D1C7D610800DB54DD /* LaunchScreen.storyboard */; };
/* End PBXBuildFile section */

/* Begin PBXFileReference section */
		02A3B77C1C7D610700DB54DD /* DownLoadAndVideo.app */ = {isa = PBXFileReference; explicitFileType = wrapper.application; includeInIndex = 0; path = DownLoadAndVideo.app; sourceTree = BUILT_PRODUCTS_DIR; };
		02A3B7801C7D610700DB54DD /* main.m */ = {isa = PBXFileReference; lastKnownFileType = sourcecode.c.objc; path = main.m; sourceTree = "<group>"; };
		02A3B7821C7D610700DB54DD /* AppDelegate.h */ = {isa = PBXFileReference; lastKnownFileType = sourcecode.c.h; path = AppDelegate.h; sourceTree = "<group>"; };
		02A3B7831C7D610800DB54DD /* AppDelegate.m */ = {isa = PBXFileReference; lastKnownFileType = sourcecode.c.objc; path = AppDelegate.m; sourceTree = "<group>"; };
		02A3B7851C7D610800DB54DD /* ViewController.h */ = {isa = PBXFileReference; lastKnownFileType = sourcecode.c.h; path = ViewController.h; sourceTree = "<group>"; };
		02A3B7861C7D610800DB54DD /* ViewController.m */ = {isa = PBXFileReference; lastKnownFileType = sourcecode.c.objc; path = ViewController.m; sourceTree = "<group>"; };
		02A3B7891C7D610800DB54DD /* Base */ = {isa = PBXFileReference; lastKnownFileType = file.storyboard; name = Base; path = Base.lproj/Main.storyboard; sourceTree = "<group>"; };
		02A3B78B1C7D610800DB54DD /* Assets.xcassets */ = {isa = PBXFileReference; lastKnownFileType = folder.assetcatalog; path = Assets.xcassets; sourceTree = "<group>"; };
		02A3B78E1C7D610800DB54DD /* Base */ = {isa = PBXFileReference; lastKnownFileType = file.storyboard; name = Base; path = Base.lproj/LaunchScreen.storyboard; sourceTree = "<group>"; };
		02A3B7901C7D610800DB54DD /* Info.plist */ = {isa = PBXFileReference; lastKnownFileType = text.plist.xml; path = Info.plist; sourceTree = "<group>"; };
		02A3B7961C7D628000DB54DD /* PrefixHeader.pch */ = {isa = PBXFileReference; lastKnownFileType = sourcecode.c.h; path = PrefixHeader.pch; sourceTree = "<group>"; };
/* End PBXFileReference section */

/* Begin PBXFrameworksBuildPhase section */
		02A3B7791C7D610700DB54DD /* Frameworks */ = {
			isa = PBXFrameworksBuildPhase;
			buildActionMask = 2147483647;
			files = (
			);
			runOnlyForDeploymentPostprocessing = 0;
		};
/* End PBXFrameworksBuildPhase section */

/* Begin PBXGroup section */
		02A3B7731C7D610700DB54DD = {
			isa = PBXGroup;
			children = (
				02A3B77E1C7D610700DB54DD /* DownLoadAndVideo */,
				02A3B77D1C7D610700DB54DD /* Products */,
			);
			sourceTree = "<group>";
		};
		02A3B77D1C7D610700DB54DD /* Products */ = {
			isa = PBXGroup;
			children = (
				02A3B77C1C7D610700DB54DD /* DownLoadAndVideo.app */,
			);
			name = Products;
			sourceTree = "<group>";
		};
		02A3B77E1C7D610700DB54DD /* DownLoadAndVideo */ = {
			isa = PBXGroup;
			children = (
				02A3B7821C7D610700DB54DD /* AppDelegate.h */,
				02A3B7831C7D610800DB54DD /* AppDelegate.m */,
				02A3B7851C7D610800DB54DD /* ViewController.h */,
				02A3B7861C7D610800DB54DD /* ViewController.m */,
				02A3B7961C7D628000DB54DD /* PrefixHeader.pch */,
				02A3B7881C7D610800DB54DD /* Main.storyboard */,
				02A3B78B1C7D610800DB54DD /* Assets.xcassets */,
				02A3B78D1C7D610800DB54DD /* LaunchScreen.storyboard */,
				02A3B7901C7D610800DB54DD /* Info.plist */,
				02A3B77F1C7D610700DB54DD /* Supporting Files */,
			);
			path = DownLoadAndVideo;
			sourceTree = "<group>";
		};
		02A3B77F1C7D610700DB54DD /* Supporting Files */ = {
			isa = PBXGroup;
			children = (
				02A3B7801C7D610700DB54DD /* main.m */,
			);
			name = "Supporting Files";
			sourceTree = "<group>";
		};
/* End PBXGroup section */

/* Begin PBXNativeTarget section */
		02A3B77B1C7D610700DB54DD /* DownLoadAndVideo */ = {
			isa = PBXNativeTarget;
			buildConfigurationList = 02A3B7931C7D610800DB54DD /* Build configuration list for PBXNativeTarget "DownLoadAndVideo" */;
			buildPhases = (
				02A3B7781C7D610700DB54DD /* Sources */,
				02A3B7791C7D610700DB54DD /* Frameworks */,
				02A3B77A1C7D610700DB54DD /* Resources */,
			);
			buildRules = (
			);
			dependencies = (
			);
			name = DownLoadAndVideo;
			productName = DownLoadAndVideo;
			productReference = 02A3B77C1C7D610700DB54DD /* DownLoadAndVideo.app */;
			productType = "com.apple.product-type.application";
		};
/* End PBXNativeTarget section */

/* Begin PBXProject section */
		02A3B7741C7D610700DB54DD /* Project object */ = {
			isa = PBXProject;
			attributes = {
				LastUpgradeCheck = 0720;
				ORGANIZATIONNAME = "赵伟争";
				TargetAttributes = {
					02A3B77B1C7D610700DB54DD = {
						CreatedOnToolsVersion = 7.2;
					};
				};
			};
			buildConfigurationList = 02A3B7771C7D610700DB54DD /* Build configuration list for PBXProject "DownLoadAndVideo" */;
			compatibilityVersion = "Xcode 3.2";
			developmentRegion = English;
			hasScannedForEncodings = 0;
			knownRegions = (
				en,
				Base,
			);
			mainGroup = 02A3B7731C7D610700DB54DD;
			productRefGroup = 02A3B77D1C7D610700DB54DD /* Products */;
			projectDirPath = "";
			projectRoot = "";
			targets = (
				02A3B77B1C7D610700DB54DD /* DownLoadAndVideo */,
			);
		};
/* End PBXProject section */

/* Begin PBXResourcesBuildPhase section */
		02A3B77A1C7D610700DB54DD /* Resources */ = {
			isa = PBXResourcesBuildPhase;
			buildActionMask = 2147483647;
			files = (
				02A3B78F1C7D610800DB54DD /* LaunchScreen.storyboard in Resources */,
				02A3B78C1C7D610800DB54DD /* Assets.xcassets in Resources */,
				02A3B78A1C7D610800DB54DD /* Main.storyboard in Resources */,
			);
			runOnlyForDeploymentPostprocessing = 0;
		};
/* End PBXResourcesBuildPhase section */

/* Begin PBXSourcesBuildPhase section */
		02A3B7781C7D610700DB54DD /* Sources */ = {
			isa = PBXSourcesBuildPhase;
			buildActionMask = 2147483647;
			files = (
				02A3B7871C7D610800DB54DD /* ViewController.m in Sources */,
				02A3B7841C7D610800DB54DD /* AppDelegate.m in Sources */,
				02A3B7811C7D610700DB54DD /* main.m in Sources */,
			);
			runOnlyForDeploymentPostprocessing = 0;
		};
/* End PBXSourcesBuildPhase section */

/* Begin PBXVariantGroup section */
		02A3B7881C7D610800DB54DD /* Main.storyboard */ = {
			isa = PBXVariantGroup;
			children = (
				02A3B7891C7D610800DB54DD /* Base */,
			);
			name = Main.storyboard;
			sourceTree = "<group>";
		};
		02A3B78D1C7D610800DB54DD /* LaunchScreen.storyboard */ = {
			isa = PBXVariantGroup;
			children = (
				02A3B78E1C7D610800DB54DD /* Base */,
			);
			name = LaunchScreen.storyboard;
			sourceTree = "<group>";
		};
/* End PBXVariantGroup section */

/* Begin XCBuildConfiguration section */
		02A3B7911C7D610800DB54DD /* Debug */ = {
			isa = XCBuildConfiguration;
			buildSettings = {
				ALWAYS_SEARCH_USER_PATHS = NO;
				CLANG_CXX_LANGUAGE_STANDARD = "gnu++0x";
				CLANG_CXX_LIBRARY = "libc++";
				CLANG_ENABLE_MODULES = YES;
				CLANG_ENABLE_OBJC_ARC = YES;
				CLANG_WARN_BOOL_CONVERSION = YES;
				CLANG_WARN_CONSTANT_CONVERSION = YES;
				CLANG_WARN_DIRECT_OBJC_ISA_USAGE = YES_ERROR;
				CLANG_WARN_EMPTY_BODY = YES;
				CLANG_WARN_ENUM_CONVERSION = YES;
				CLANG_WARN_INT_CONVERSION = YES;
				CLANG_WARN_OBJC_ROOT_CLASS = YES_ERROR;
				CLANG_WARN_UNREACHABLE_CODE = YES;
				CLANG_WARN__DUPLICATE_METHOD_MATCH = YES;
				"CODE_SIGN_IDENTITY[sdk=iphoneos*]" = "iPhone Developer";
				COPY_PHASE_STRIP = NO;
				DEBUG_INFORMATION_FORMAT = dwarf;
				ENABLE_STRICT_OBJC_MSGSEND = YES;
				ENABLE_TESTABILITY = YES;
				GCC_C_LANGUAGE_STANDARD = gnu99;
				GCC_DYNAMIC_NO_PIC = NO;
				GCC_NO_COMMON_BLOCKS = YES;
				GCC_OPTIMIZATION_LEVEL = 0;
				GCC_PREPROCESSOR_DEFINITIONS = (
					"DEBUG=1",
					"$(inherited)",
				);
				GCC_WARN_64_TO_32_BIT_CONVERSION = YES;
				GCC_WARN_ABOUT_RETURN_TYPE = YES_ERROR;
				GCC_WARN_UNDECLARED_SELECTOR = YES;
				GCC_WARN_UNINITIALIZED_AUTOS = YES_AGGRESSIVE;
				GCC_WARN_UNUSED_FUNCTION = YES;
				GCC_WARN_UNUSED_VARIABLE = YES;
				IPHONEOS_DEPLOYMENT_TARGET = 9.2;
				MTL_ENABLE_DEBUG_INFO = YES;
				ONLY_ACTIVE_ARCH = YES;
				SDKROOT = iphoneos;
			};
			name = Debug;
		};
		02A3B7921C7D610800DB54DD /* Release */ = {
			isa = XCBuildConfiguration;
			buildSettings = {
				ALWAYS_SEARCH_USER_PATHS = NO;
				CLANG_CXX_LANGUAGE_STANDARD = "gnu++0x";
				CLANG_CXX_LIBRARY = "libc++";
				CLANG_ENABLE_MODULES = YES;
				CLANG_ENABLE_OBJC_ARC = YES;
				CLANG_WARN_BOOL_CONVERSION = YES;
				CLANG_WARN_CONSTANT_CONVERSION = YES;
				CLANG_WARN_DIRECT_OBJC_ISA_USAGE = YES_ERROR;
				CLANG_WARN_EMPTY_BODY = YES;
				CLANG_WARN_ENUM_CONVERSION = YES;
				CLANG_WARN_INT_CONVERSION = YES;
				CLANG_WARN_OBJC_ROOT_CLASS = YES_ERROR;
				CLANG_WARN_UNREACHABLE_CODE = YES;
				CLANG_WARN__DUPLICATE_METHOD_MATCH = YES;
				"CODE_SIGN_IDENTITY[sdk=iphoneos*]" = "iPhone Developer";
				COPY_PHASE_STRIP = NO;
				DEBUG_INFORMATION_FORMAT = "dwarf-with-dsym";
				ENABLE_NS_ASSERTIONS = NO;
				ENABLE_STRICT_OBJC_MSGSEND = YES;
				GCC_C_LANGUAGE_STANDARD = gnu99;
				GCC_NO_COMMON_BLOCKS = YES;
				GCC_WARN_64_TO_32_BIT_CONVERSION = YES;
				GCC_WARN_ABOUT_RETURN_TYPE = YES_ERROR;
				GCC_WARN_UNDECLARED_SELECTOR = YES;
				GCC_WARN_UNINITIALIZED_AUTOS = YES_AGGRESSIVE;
				GCC_WARN_UNUSED_FUNCTION = YES;
				GCC_WARN_UNUSED_VARIABLE = YES;
				IPHONEOS_DEPLOYMENT_TARGET = 9.2;
				MTL_ENABLE_DEBUG_INFO = NO;
				SDKROOT = iphoneos;
				VALIDATE_PRODUCT = YES;
			};
			name = Release;
		};
		02A3B7941C7D610800DB54DD /* Debug */ = {
			isa = XCBuildConfiguration;
			buildSettings = {
				ASSETCATALOG_COMPILER_APPICON_NAME = AppIcon;
				INFOPLIST_FILE = DownLoadAndVideo/Info.plist;
				LD_RUNPATH_SEARCH_PATHS = "$(inherited) @executable_path/Frameworks";
				PRODUCT_BUNDLE_IDENTIFIER = com.mistong.www.DownLoadAndVideo;
				PRODUCT_NAME = "$(TARGET_NAME)";
			};
			name = Debug;
		};
		02A3B7951C7D610800DB54DD /* Release */ = {
			isa = XCBuildConfiguration;
			buildSettings = {
				ASSETCATALOG_COMPILER_APPICON_NAME = AppIcon;
				INFOPLIST_FILE = DownLoadAndVideo/Info.plist;
				LD_RUNPATH_SEARCH_PATHS = "$(inherited) @executable_path/Frameworks";
				PRODUCT_BUNDLE_IDENTIFIER = com.mistong.www.DownLoadAndVideo;
				PRODUCT_NAME = "$(TARGET_NAME)";
			};
			name = Release;
		};
/* End XCBuildConfiguration section */

/* Begin XCConfigurationList section */
		02A3B7771C7D610700DB54DD /* Build configuration list for PBXProject "DownLoadAndVideo" */ = {
			isa = XCConfigurationList;
			buildConfigurations = (
				02A3B7911C7D610800DB54DD /* Debug */,
				02A3B7921C7D610800DB54DD /* Release */,
			);
			defaultConfigurationIsVisible = 0;
			defaultConfigurationName = Release;
		};
		02A3B7931C7D610800DB54DD /* Build configuration list for PBXNativeTarget "DownLoadAndVideo" */ = {
			isa = XCConfigurationList;
			buildConfigurations = (
				02A3B7941C7D610800DB54DD /* Debug */,
				02A3B7951C7D610800DB54DD /* Release */,
			);
			defaultConfigurationIsVisible = 0;
		};
/* End XCConfigurationList section */
	};
	rootObject = 02A3B7741C7D610700DB54DD /* Project object */;
}
